
Microsoft Visual Studio Solution File, Format Version 12.00
# Visual Studio Version 16
VisualStudioVersion = 16.0.810.25
MinimumVisualStudioVersion = 10.0.40219.1
Project("{FAE04EC0-301F-11D3-BF4B-00C04F79EFBC}") = "INF5120- Proyecto Final", "INF5120- Proyecto Final.csproj", "{1BA39E0A-4111-4B5D-A546-D4ADC10D07FF}"
EndProject
Global
	GlobalSection(SolutionConfigurationPlatforms) = preSolution
		Debug|Any CPU = Debug|Any CPU
		Release|Any CPU = Release|Any CPU
	EndGlobalSection
	GlobalSection(ProjectConfigurationPlatforms) = postSolution
		{1BA39E0A-4111-4B5D-A546-D4ADC10D07FF}.Debug|Any CPU.ActiveCfg = Debug|Any CPU
		{1BA39E0A-4111-4B5D-A546-D4ADC10D07FF}.Debug|Any CPU.Build.0 = Debug|Any CPU
		{1BA39E0A-4111-4B5D-A546-D4ADC10D07FF}.Release|Any CPU.ActiveCfg = Release|Any CPU
		{1BA39E0A-4111-4B5D-A546-D4ADC10D07FF}.Release|Any CPU.Build.0 = Release|Any CPU
	EndGlobalSection
	GlobalSection(SolutionProperties) = preSolution
		HideSolutionNode = FALSE
	EndGlobalSection
	GlobalSection(ExtensibilityGlobals) = postSolution
		SolutionGuid = {575710A0-DE01-4F14-BEA7-D505950AE07F}
	EndGlobalSection
EndGlobal
